// !$*UTF8*$!
{
	archiveVersion = 1;
	classes = {
	};
	objectVersion = 50;
	objects = {

/* Begin PBXBuildFile section */
		047641F326F9D1CD005AB13B /* AppDelegate.swift in Sources */ = {isa = PBXBuildFile; fileRef = 047641F226F9D1CD005AB13B /* AppDelegate.swift */; };
		047641F526F9D1CD005AB13B /* SceneDelegate.swift in Sources */ = {isa = PBXBuildFile; fileRef = 047641F426F9D1CD005AB13B /* SceneDelegate.swift */; };
		047641FD26F9D1CD005AB13B /* Airlines_Master_Details.xcdatamodeld in Sources */ = {isa = PBXBuildFile; fileRef = 047641FB26F9D1CD005AB13B /* Airlines_Master_Details.xcdatamodeld */; };
		047641FF26F9D1CF005AB13B /* Assets.xcassets in Resources */ = {isa = PBXBuildFile; fileRef = 047641FE26F9D1CF005AB13B /* Assets.xcassets */; };
		0476420226F9D1CF005AB13B /* LaunchScreen.storyboard in Resources */ = {isa = PBXBuildFile; fileRef = 0476420026F9D1CF005AB13B /* LaunchScreen.storyboard */; };
		0484E13C26F9DB2900A790D9 /* ListAirlinesVC.swift in Sources */ = {isa = PBXBuildFile; fileRef = 0484E13A26F9DB2900A790D9 /* ListAirlinesVC.swift */; };
		0484E13D26F9DB2900A790D9 /* ListAirlinesVC.xib in Resources */ = {isa = PBXBuildFile; fileRef = 0484E13B26F9DB2900A790D9 /* ListAirlinesVC.xib */; };
		0484E14026F9ED0100A790D9 /* ViewExtension.swift in Sources */ = {isa = PBXBuildFile; fileRef = 0484E13F26F9ED0100A790D9 /* ViewExtension.swift */; };
		0484E14326F9EF7100A790D9 /* ListAirlinesTVCell.swift in Sources */ = {isa = PBXBuildFile; fileRef = 0484E14126F9EF7100A790D9 /* ListAirlinesTVCell.swift */; };
		0484E14426F9EF7100A790D9 /* ListAirlinesTVCell.xib in Resources */ = {isa = PBXBuildFile; fileRef = 0484E14226F9EF7100A790D9 /* ListAirlinesTVCell.xib */; };
		0484E14626F9F04C00A790D9 /* UITableView+Extensions.swift in Sources */ = {isa = PBXBuildFile; fileRef = 0484E14526F9F04C00A790D9 /* UITableView+Extensions.swift */; };
		0484E14826F9F93D00A790D9 /* CardView.swift in Sources */ = {isa = PBXBuildFile; fileRef = 0484E14726F9F93D00A790D9 /* CardView.swift */; };
		3A77C48E17807EA1B85EAAFF /* Pods_Airlines_Master_Details.framework in Frameworks */ = {isa = PBXBuildFile; fileRef = 98AEB8F42C8760CD94277A06 /* Pods_Airlines_Master_Details.framework */; };
/* End PBXBuildFile section */

/* Begin PBXFileReference section */
		047641EF26F9D1CD005AB13B /* Airlines-Master-Details.app */ = {isa = PBXFileReference; explicitFileType = wrapper.application; includeInIndex = 0; path = "Airlines-Master-Details.app"; sourceTree = BUILT_PRODUCTS_DIR; };
		047641F226F9D1CD005AB13B /* AppDelegate.swift */ = {isa = PBXFileReference; lastKnownFileType = sourcecode.swift; path = AppDelegate.swift; sourceTree = "<group>"; };
		047641F426F9D1CD005AB13B /* SceneDelegate.swift */ = {isa = PBXFileReference; lastKnownFileType = sourcecode.swift; path = SceneDelegate.swift; sourceTree = "<group>"; };
		047641FC26F9D1CD005AB13B /* Airlines_Master_Details.xcdatamodel */ = {isa = PBXFileReference; lastKnownFileType = wrapper.xcdatamodel; path = Airlines_Master_Details.xcdatamodel; sourceTree = "<group>"; };
		047641FE26F9D1CF005AB13B /* Assets.xcassets */ = {isa = PBXFileReference; lastKnownFileType = folder.assetcatalog; path = Assets.xcassets; sourceTree = "<group>"; };
		0476420126F9D1CF005AB13B /* Base */ = {isa = PBXFileReference; lastKnownFileType = file.storyboard; name = Base; path = Base.lproj/LaunchScreen.storyboard; sourceTree = "<group>"; };
		0476420326F9D1CF005AB13B /* Info.plist */ = {isa = PBXFileReference; lastKnownFileType = text.plist.xml; path = Info.plist; sourceTree = "<group>"; };
		0484E13A26F9DB2900A790D9 /* ListAirlinesVC.swift */ = {isa = PBXFileReference; lastKnownFileType = sourcecode.swift; path = ListAirlinesVC.swift; sourceTree = "<group>"; };
		0484E13B26F9DB2900A790D9 /* ListAirlinesVC.xib */ = {isa = PBXFileReference; lastKnownFileType = file.xib; path = ListAirlinesVC.xib; sourceTree = "<group>"; };
		0484E13F26F9ED0100A790D9 /* ViewExtension.swift */ = {isa = PBXFileReference; lastKnownFileType = sourcecode.swift; path = ViewExtension.swift; sourceTree = "<group>"; };
		0484E14126F9EF7100A790D9 /* ListAirlinesTVCell.swift */ = {isa = PBXFileReference; lastKnownFileType = sourcecode.swift; path = ListAirlinesTVCell.swift; sourceTree = "<group>"; };
		0484E14226F9EF7100A790D9 /* ListAirlinesTVCell.xib */ = {isa = PBXFileReference; lastKnownFileType = file.xib; path = ListAirlinesTVCell.xib; sourceTree = "<group>"; };
		0484E14526F9F04C00A790D9 /* UITableView+Extensions.swift */ = {isa = PBXFileReference; lastKnownFileType = sourcecode.swift; path = "UITableView+Extensions.swift"; sourceTree = "<group>"; };
		0484E14726F9F93D00A790D9 /* CardView.swift */ = {isa = PBXFileReference; lastKnownFileType = sourcecode.swift; path = CardView.swift; sourceTree = "<group>"; };
		07C60F7CB7E8F47696D4754D /* Pods-Airlines-Master-Details.debug.xcconfig */ = {isa = PBXFileReference; includeInIndex = 1; lastKnownFileType = text.xcconfig; name = "Pods-Airlines-Master-Details.debug.xcconfig"; path = "Target Support Files/Pods-Airlines-Master-Details/Pods-Airlines-Master-Details.debug.xcconfig"; sourceTree = "<group>"; };
		98AEB8F42C8760CD94277A06 /* Pods_Airlines_Master_Details.framework */ = {isa = PBXFileReference; explicitFileType = wrapper.framework; includeInIndex = 0; path = Pods_Airlines_Master_Details.framework; sourceTree = BUILT_PRODUCTS_DIR; };
		99F67BC757DB813A7690D2F0 /* Pods-Airlines-Master-Details.release.xcconfig */ = {isa = PBXFileReference; includeInIndex = 1; lastKnownFileType = text.xcconfig; name = "Pods-Airlines-Master-Details.release.xcconfig"; path = "Target Support Files/Pods-Airlines-Master-Details/Pods-Airlines-Master-Details.release.xcconfig"; sourceTree = "<group>"; };
/* End PBXFileReference section */

/* Begin PBXFrameworksBuildPhase section */
		047641EC26F9D1CD005AB13B /* Frameworks */ = {
			isa = PBXFrameworksBuildPhase;
			buildActionMask = 2147483647;
			files = (
				3A77C48E17807EA1B85EAAFF /* Pods_Airlines_Master_Details.framework in Frameworks */,
			);
			runOnlyForDeploymentPostprocessing = 0;
		};
/* End PBXFrameworksBuildPhase section */

/* Begin PBXGroup section */
		047641E626F9D1CD005AB13B = {
			isa = PBXGroup;
			children = (
				047641F126F9D1CD005AB13B /* Airlines-Master-Details */,
				047641F026F9D1CD005AB13B /* Products */,
				D339734C673360FC28A2491C /* Pods */,
				9E1BD87A7D45B279CBDEC3AE /* Frameworks */,
			);
			sourceTree = "<group>";
		};
		047641F026F9D1CD005AB13B /* Products */ = {
			isa = PBXGroup;
			children = (
				047641EF26F9D1CD005AB13B /* Airlines-Master-Details.app */,
			);
			name = Products;
			sourceTree = "<group>";
		};
		047641F126F9D1CD005AB13B /* Airlines-Master-Details */ = {
			isa = PBXGroup;
			children = (
				0484E13826F9D9F300A790D9 /* Models */,
				0484E13726F9D9E400A790D9 /* ViewModels */,
				0484E13626F9D9DA00A790D9 /* Views */,
				0484E13526F9D9D100A790D9 /* Others */,
				0484E13426F9D9BB00A790D9 /* Network-Layer */,
				0476420326F9D1CF005AB13B /* Info.plist */,
			);
			path = "Airlines-Master-Details";
			sourceTree = "<group>";
		};
		0484E13426F9D9BB00A790D9 /* Network-Layer */ = {
			isa = PBXGroup;
			children = (
			);
			path = "Network-Layer";
			sourceTree = "<group>";
		};
		0484E13526F9D9D100A790D9 /* Others */ = {
			isa = PBXGroup;
			children = (
				0484E13E26F9ECE400A790D9 /* Extensions */,
				047641FE26F9D1CF005AB13B /* Assets.xcassets */,
				047641F226F9D1CD005AB13B /* AppDelegate.swift */,
				047641F426F9D1CD005AB13B /* SceneDelegate.swift */,
				047641FB26F9D1CD005AB13B /* Airlines_Master_Details.xcdatamodeld */,
			);
			path = Others;
			sourceTree = "<group>";
		};
		0484E13626F9D9DA00A790D9 /* Views */ = {
			isa = PBXGroup;
			children = (
				0484E13926F9DAFC00A790D9 /* ListAirlinesVC */,
				0476420026F9D1CF005AB13B /* LaunchScreen.storyboard */,
			);
			path = Views;
			sourceTree = "<group>";
		};
		0484E13726F9D9E400A790D9 /* ViewModels */ = {
			isa = PBXGroup;
			children = (
			);
			path = ViewModels;
			sourceTree = "<group>";
		};
		0484E13826F9D9F300A790D9 /* Models */ = {
			isa = PBXGroup;
			children = (
			);
			path = Models;
			sourceTree = "<group>";
		};
		0484E13926F9DAFC00A790D9 /* ListAirlinesVC */ = {
			isa = PBXGroup;
			children = (
				0484E13A26F9DB2900A790D9 /* ListAirlinesVC.swift */,
				0484E13B26F9DB2900A790D9 /* ListAirlinesVC.xib */,
				0484E14126F9EF7100A790D9 /* ListAirlinesTVCell.swift */,
				0484E14226F9EF7100A790D9 /* ListAirlinesTVCell.xib */,
			);
			path = ListAirlinesVC;
			sourceTree = "<group>";
		};
		0484E13E26F9ECE400A790D9 /* Extensions */ = {
			isa = PBXGroup;
			children = (
				0484E13F26F9ED0100A790D9 /* ViewExtension.swift */,
				0484E14526F9F04C00A790D9 /* UITableView+Extensions.swift */,
				0484E14726F9F93D00A790D9 /* CardView.swift */,
			);
			path = Extensions;
			sourceTree = "<group>";
		};
		9E1BD87A7D45B279CBDEC3AE /* Frameworks */ = {
			isa = PBXGroup;
			children = (
				98AEB8F42C8760CD94277A06 /* Pods_Airlines_Master_Details.framework */,
			);
			name = Frameworks;
			sourceTree = "<group>";
		};
		D339734C673360FC28A2491C /* Pods */ = {
			isa = PBXGroup;
			children = (
				07C60F7CB7E8F47696D4754D /* Pods-Airlines-Master-Details.debug.xcconfig */,
				99F67BC757DB813A7690D2F0 /* Pods-Airlines-Master-Details.release.xcconfig */,
			);
			path = Pods;
			sourceTree = "<group>";
		};
/* End PBXGroup section */

/* Begin PBXNativeTarget section */
		047641EE26F9D1CD005AB13B /* Airlines-Master-Details */ = {
			isa = PBXNativeTarget;
			buildConfigurationList = 0476420626F9D1CF005AB13B /* Build configuration list for PBXNativeTarget "Airlines-Master-Details" */;
			buildPhases = (
				13C5B124D3CE6DCED57FDCC5 /* [CP] Check Pods Manifest.lock */,
				047641EB26F9D1CD005AB13B /* Sources */,
				047641EC26F9D1CD005AB13B /* Frameworks */,
				047641ED26F9D1CD005AB13B /* Resources */,
			);
			buildRules = (
			);
			dependencies = (
			);
			name = "Airlines-Master-Details";
			productName = "Airlines-Master-Details";
			productReference = 047641EF26F9D1CD005AB13B /* Airlines-Master-Details.app */;
			productType = "com.apple.product-type.application";
		};
/* End PBXNativeTarget section */

/* Begin PBXProject section */
		047641E726F9D1CD005AB13B /* Project object */ = {
			isa = PBXProject;
			attributes = {
				LastSwiftUpdateCheck = 1250;
				LastUpgradeCheck = 1250;
				TargetAttributes = {
					047641EE26F9D1CD005AB13B = {
						CreatedOnToolsVersion = 12.5.1;
					};
				};
			};
			buildConfigurationList = 047641EA26F9D1CD005AB13B /* Build configuration list for PBXProject "Airlines-Master-Details" */;
			compatibilityVersion = "Xcode 9.3";
			developmentRegion = en;
			hasScannedForEncodings = 0;
			knownRegions = (
				en,
				Base,
			);
			mainGroup = 047641E626F9D1CD005AB13B;
			productRefGroup = 047641F026F9D1CD005AB13B /* Products */;
			projectDirPath = "";
			projectRoot = "";
			targets = (
				047641EE26F9D1CD005AB13B /* Airlines-Master-Details */,
			);
		};
/* End PBXProject section */

/* Begin PBXResourcesBuildPhase section */
		047641ED26F9D1CD005AB13B /* Resources */ = {
			isa = PBXResourcesBuildPhase;
			buildActionMask = 2147483647;
			files = (
				0484E14426F9EF7100A790D9 /* ListAirlinesTVCell.xib in Resources */,
				0476420226F9D1CF005AB13B /* LaunchScreen.storyboard in Resources */,
				047641FF26F9D1CF005AB13B /* Assets.xcassets in Resources */,
				0484E13D26F9DB2900A790D9 /* ListAirlinesVC.xib in Resources */,
			);
			runOnlyForDeploymentPostprocessing = 0;
		};
/* End PBXResourcesBuildPhase section */

/* Begin PBXShellScriptBuildPhase section */
		13C5B124D3CE6DCED57FDCC5 /* [CP] Check Pods Manifest.lock */ = {
			isa = PBXShellScriptBuildPhase;
			buildActionMask = 2147483647;
			files = (
			);
			inputFileListPaths = (
			);
			inputPaths = (
				"${PODS_PODFILE_DIR_PATH}/Podfile.lock",
				"${PODS_ROOT}/Manifest.lock",
			);
			name = "[CP] Check Pods Manifest.lock";
			outputFileListPaths = (
			);
			outputPaths = (
				"$(DERIVED_FILE_DIR)/Pods-Airlines-Master-Details-checkManifestLockResult.txt",
			);
			runOnlyForDeploymentPostprocessing = 0;
			shellPath = /bin/sh;
			shellScript = "diff \"${PODS_PODFILE_DIR_PATH}/Podfile.lock\" \"${PODS_ROOT}/Manifest.lock\" > /dev/null\nif [ $? != 0 ] ; then\n    # print error to STDERR\n    echo \"error: The sandbox is not in sync with the Podfile.lock. Run 'pod install' or update your CocoaPods installation.\" >&2\n    exit 1\nfi\n# This output is used by Xcode 'outputs' to avoid re-running this script phase.\necho \"SUCCESS\" > \"${SCRIPT_OUTPUT_FILE_0}\"\n";
			showEnvVarsInLog = 0;
		};
/* End PBXShellScriptBuildPhase section */

/* Begin PBXSourcesBuildPhase section */
		047641EB26F9D1CD005AB13B /* Sources */ = {
			isa = PBXSourcesBuildPhase;
			buildActionMask = 2147483647;
			files = (
				0484E14326F9EF7100A790D9 /* ListAirlinesTVCell.swift in Sources */,
				0484E14626F9F04C00A790D9 /* UITableView+Extensions.swift in Sources */,
				0484E14026F9ED0100A790D9 /* ViewExtension.swift in Sources */,
				0484E13C26F9DB2900A790D9 /* ListAirlinesVC.swift in Sources */,
				047641F326F9D1CD005AB13B /* AppDelegate.swift in Sources */,
				047641F526F9D1CD005AB13B /* SceneDelegate.swift in Sources */,
				0484E14826F9F93D00A790D9 /* CardView.swift in Sources */,
				047641FD26F9D1CD005AB13B /* Airlines_Master_Details.xcdatamodeld in Sources */,
			);
			runOnlyForDeploymentPostprocessing = 0;
		};
/* End PBXSourcesBuildPhase section */

/* Begin PBXVariantGroup section */
		0476420026F9D1CF005AB13B /* LaunchScreen.storyboard */ = {
			isa = PBXVariantGroup;
			children = (
				0476420126F9D1CF005AB13B /* Base */,
			);
			name = LaunchScreen.storyboard;
			sourceTree = "<group>";
		};
/* End PBXVariantGroup section */

/* Begin XCBuildConfiguration section */
		0476420426F9D1CF005AB13B /* Debug */ = {
			isa = XCBuildConfiguration;
			buildSettings = {
				ALWAYS_SEARCH_USER_PATHS = NO;
				CLANG_ANALYZER_NONNULL = YES;
				CLANG_ANALYZER_NUMBER_OBJECT_CONVERSION = YES_AGGRESSIVE;
				CLANG_CXX_LANGUAGE_STANDARD = "gnu++14";
				CLANG_CXX_LIBRARY = "libc++";
				CLANG_ENABLE_MODULES = YES;
				CLANG_ENABLE_OBJC_ARC = YES;
				CLANG_ENABLE_OBJC_WEAK = YES;
				CLANG_WARN_BLOCK_CAPTURE_AUTORELEASING = YES;
				CLANG_WARN_BOOL_CONVERSION = YES;
				CLANG_WARN_COMMA = YES;
				CLANG_WARN_CONSTANT_CONVERSION = YES;
				CLANG_WARN_DEPRECATED_OBJC_IMPLEMENTATIONS = YES;
				CLANG_WARN_DIRECT_OBJC_ISA_USAGE = YES_ERROR;
				CLANG_WARN_DOCUMENTATION_COMMENTS = YES;
				CLANG_WARN_EMPTY_BODY = YES;
				CLANG_WARN_ENUM_CONVERSION = YES;
				CLANG_WARN_INFINITE_RECURSION = YES;
				CLANG_WARN_INT_CONVERSION = YES;
				CLANG_WARN_NON_LITERAL_NULL_CONVERSION = YES;
				CLANG_WARN_OBJC_IMPLICIT_RETAIN_SELF = YES;
				CLANG_WARN_OBJC_LITERAL_CONVERSION = YES;
				CLANG_WARN_OBJC_ROOT_CLASS = YES_ERROR;
				CLANG_WARN_QUOTED_INCLUDE_IN_FRAMEWORK_HEADER = YES;
				CLANG_WARN_RANGE_LOOP_ANALYSIS = YES;
				CLANG_WARN_STRICT_PROTOTYPES = YES;
				CLANG_WARN_SUSPICIOUS_MOVE = YES;
				CLANG_WARN_UNGUARDED_AVAILABILITY = YES_AGGRESSIVE;
				CLANG_WARN_UNREACHABLE_CODE = YES;
				CLANG_WARN__DUPLICATE_METHOD_MATCH = YES;
				COPY_PHASE_STRIP = NO;
				DEBUG_INFORMATION_FORMAT = dwarf;
				ENABLE_STRICT_OBJC_MSGSEND = YES;
				ENABLE_TESTABILITY = YES;
				GCC_C_LANGUAGE_STANDARD = gnu11;
				GCC_DYNAMIC_NO_PIC = NO;
				GCC_NO_COMMON_BLOCKS = YES;
				GCC_OPTIMIZATION_LEVEL = 0;
				GCC_PREPROCESSOR_DEFINITIONS = (
					"DEBUG=1",
					"$(inherited)",
				);
				GCC_WARN_64_TO_32_BIT_CONVERSION = YES;
				GCC_WARN_ABOUT_RETURN_TYPE = YES_ERROR;
				GCC_WARN_UNDECLARED_SELECTOR = YES;
				GCC_WARN_UNINITIALIZED_AUTOS = YES_AGGRESSIVE;
				GCC_WARN_UNUSED_FUNCTION = YES;
				GCC_WARN_UNUSED_VARIABLE = YES;
				IPHONEOS_DEPLOYMENT_TARGET = 14.5;
				MTL_ENABLE_DEBUG_INFO = INCLUDE_SOURCE;
				MTL_FAST_MATH = YES;
				ONLY_ACTIVE_ARCH = YES;
				SDKROOT = iphoneos;
				SWIFT_ACTIVE_COMPILATION_CONDITIONS = DEBUG;
				SWIFT_OPTIMIZATION_LEVEL = "-Onone";
			};
			name = Debug;
		};
		0476420526F9D1CF005AB13B /* Release */ = {
			isa = XCBuildConfiguration;
			buildSettings = {
				ALWAYS_SEARCH_USER_PATHS = NO;
				CLANG_ANALYZER_NONNULL = YES;
				CLANG_ANALYZER_NUMBER_OBJECT_CONVERSION = YES_AGGRESSIVE;
				CLANG_CXX_LANGUAGE_STANDARD = "gnu++14";
				CLANG_CXX_LIBRARY = "libc++";
				CLANG_ENABLE_MODULES = YES;
				CLANG_ENABLE_OBJC_ARC = YES;
				CLANG_ENABLE_OBJC_WEAK = YES;
				CLANG_WARN_BLOCK_CAPTURE_AUTORELEASING = YES;
				CLANG_WARN_BOOL_CONVERSION = YES;
				CLANG_WARN_COMMA = YES;
				CLANG_WARN_CONSTANT_CONVERSION = YES;
				CLANG_WARN_DEPRECATED_OBJC_IMPLEMENTATIONS = YES;
				CLANG_WARN_DIRECT_OBJC_ISA_USAGE = YES_ERROR;
				CLANG_WARN_DOCUMENTATION_COMMENTS = YES;
				CLANG_WARN_EMPTY_BODY = YES;
				CLANG_WARN_ENUM_CONVERSION = YES;
				CLANG_WARN_INFINITE_RECURSION = YES;
				CLANG_WARN_INT_CONVERSION = YES;
				CLANG_WARN_NON_LITERAL_NULL_CONVERSION = YES;
				CLANG_WARN_OBJC_IMPLICIT_RETAIN_SELF = YES;
				CLANG_WARN_OBJC_LITERAL_CONVERSION = YES;
				CLANG_WARN_OBJC_ROOT_CLASS = YES_ERROR;
				CLANG_WARN_QUOTED_INCLUDE_IN_FRAMEWORK_HEADER = YES;
				CLANG_WARN_RANGE_LOOP_ANALYSIS = YES;
				CLANG_WARN_STRICT_PROTOTYPES = YES;
				CLANG_WARN_SUSPICIOUS_MOVE = YES;
				CLANG_WARN_UNGUARDED_AVAILABILITY = YES_AGGRESSIVE;
				CLANG_WARN_UNREACHABLE_CODE = YES;
				CLANG_WARN__DUPLICATE_METHOD_MATCH = YES;
				COPY_PHASE_STRIP = NO;
				DEBUG_INFORMATION_FORMAT = "dwarf-with-dsym";
				ENABLE_NS_ASSERTIONS = NO;
				ENABLE_STRICT_OBJC_MSGSEND = YES;
				GCC_C_LANGUAGE_STANDARD = gnu11;
				GCC_NO_COMMON_BLOCKS = YES;
				GCC_WARN_64_TO_32_BIT_CONVERSION = YES;
				GCC_WARN_ABOUT_RETURN_TYPE = YES_ERROR;
				GCC_WARN_UNDECLARED_SELECTOR = YES;
				GCC_WARN_UNINITIALIZED_AUTOS = YES_AGGRESSIVE;
				GCC_WARN_UNUSED_FUNCTION = YES;
				GCC_WARN_UNUSED_VARIABLE = YES;
				IPHONEOS_DEPLOYMENT_TARGET = 14.5;
				MTL_ENABLE_DEBUG_INFO = NO;
				MTL_FAST_MATH = YES;
				SDKROOT = iphoneos;
				SWIFT_COMPILATION_MODE = wholemodule;
				SWIFT_OPTIMIZATION_LEVEL = "-O";
				VALIDATE_PRODUCT = YES;
			};
			name = Release;
		};
		0476420726F9D1CF005AB13B /* Debug */ = {
			isa = XCBuildConfiguration;
			baseConfigurationReference = 07C60F7CB7E8F47696D4754D /* Pods-Airlines-Master-Details.debug.xcconfig */;
			buildSettings = {
				ASSETCATALOG_COMPILER_APPICON_NAME = AppIcon;
				ASSETCATALOG_COMPILER_GLOBAL_ACCENT_COLOR_NAME = AccentColor;
				CODE_SIGN_STYLE = Automatic;
				INFOPLIST_FILE = "Airlines-Master-Details/Info.plist";
				LD_RUNPATH_SEARCH_PATHS = (
					"$(inherited)",
					"@executable_path/Frameworks",
				);
				PRODUCT_BUNDLE_IDENTIFIER = "com.ramzy.Airlines-Master-Details";
				PRODUCT_NAME = "$(TARGET_NAME)";
				SWIFT_VERSION = 5.0;
				TARGETED_DEVICE_FAMILY = 1;
			};
			name = Debug;
		};
		0476420826F9D1CF005AB13B /* Release */ = {
			isa = XCBuildConfiguration;
			baseConfigurationReference = 99F67BC757DB813A7690D2F0 /* Pods-Airlines-Master-Details.release.xcconfig */;
			buildSettings = {
				ASSETCATALOG_COMPILER_APPICON_NAME = AppIcon;
				ASSETCATALOG_COMPILER_GLOBAL_ACCENT_COLOR_NAME = AccentColor;
				CODE_SIGN_STYLE = Automatic;
				INFOPLIST_FILE = "Airlines-Master-Details/Info.plist";
				LD_RUNPATH_SEARCH_PATHS = (
					"$(inherited)",
					"@executable_path/Frameworks",
				);
				PRODUCT_BUNDLE_IDENTIFIER = "com.ramzy.Airlines-Master-Details";
				PRODUCT_NAME = "$(TARGET_NAME)";
				SWIFT_VERSION = 5.0;
				TARGETED_DEVICE_FAMILY = 1;
			};
			name = Release;
		};
/* End XCBuildConfiguration section */

/* Begin XCConfigurationList section */
		047641EA26F9D1CD005AB13B /* Build configuration list for PBXProject "Airlines-Master-Details" */ = {
			isa = XCConfigurationList;
			buildConfigurations = (
				0476420426F9D1CF005AB13B /* Debug */,
				0476420526F9D1CF005AB13B /* Release */,
			);
			defaultConfigurationIsVisible = 0;
			defaultConfigurationName = Release;
		};
		0476420626F9D1CF005AB13B /* Build configuration list for PBXNativeTarget "Airlines-Master-Details" */ = {
			isa = XCConfigurationList;
			buildConfigurations = (
				0476420726F9D1CF005AB13B /* Debug */,
				0476420826F9D1CF005AB13B /* Release */,
			);
			defaultConfigurationIsVisible = 0;
			defaultConfigurationName = Release;
		};
/* End XCConfigurationList section */

/* Begin XCVersionGroup section */
		047641FB26F9D1CD005AB13B /* Airlines_Master_Details.xcdatamodeld */ = {
			isa = XCVersionGroup;
			children = (
				047641FC26F9D1CD005AB13B /* Airlines_Master_Details.xcdatamodel */,
			);
			currentVersion = 047641FC26F9D1CD005AB13B /* Airlines_Master_Details.xcdatamodel */;
			path = Airlines_Master_Details.xcdatamodeld;
			sourceTree = "<group>";
			versionGroupType = wrapper.xcdatamodel;
		};
/* End XCVersionGroup section */
	};
	rootObject = 047641E726F9D1CD005AB13B /* Project object */;
}
